// !$*UTF8*$!
{
	archiveVersion = 1;
	classes = {
	};
	objectVersion = 46;
	objects = {

/* Begin PBXBuildFile section */
		3B1025A81EE6800300E6E82E /* AppDelegate.swift in Sources */ = {isa = PBXBuildFile; fileRef = 3B1025A71EE6800300E6E82E /* AppDelegate.swift */; };
		3B1025AA1EE6800300E6E82E /* ViewController.swift in Sources */ = {isa = PBXBuildFile; fileRef = 3B1025A91EE6800300E6E82E /* ViewController.swift */; };
		3B1025AD1EE6800300E6E82E /* Main.storyboard in Resources */ = {isa = PBXBuildFile; fileRef = 3B1025AB1EE6800300E6E82E /* Main.storyboard */; };
		3B1025AF1EE6800300E6E82E /* Assets.xcassets in Resources */ = {isa = PBXBuildFile; fileRef = 3B1025AE1EE6800300E6E82E /* Assets.xcassets */; };
		3B1025B21EE6800300E6E82E /* LaunchScreen.storyboard in Resources */ = {isa = PBXBuildFile; fileRef = 3B1025B01EE6800300E6E82E /* LaunchScreen.storyboard */; };
		3B1025BD1EE6800300E6E82E /* LearnwiseTests.swift in Sources */ = {isa = PBXBuildFile; fileRef = 3B1025BC1EE6800300E6E82E /* LearnwiseTests.swift */; };
		3B4976A51EE982AF00F8DE89 /* ViewControllerTests.swift in Sources */ = {isa = PBXBuildFile; fileRef = 3B4976A41EE982AF00F8DE89 /* ViewControllerTests.swift */; };
		3B4976A71EE983A000F8DE89 /* AnalyticsManagerTests.swift in Sources */ = {isa = PBXBuildFile; fileRef = 3B4976A61EE983A000F8DE89 /* AnalyticsManagerTests.swift */; };
		3BEBD9911EE6BE83000D4AAF /* Logger.swift in Sources */ = {isa = PBXBuildFile; fileRef = 3BEBD9901EE6BE83000D4AAF /* Logger.swift */; };
		3BEBD9931EE6D2B6000D4AAF /* ImageDownloader.swift in Sources */ = {isa = PBXBuildFile; fileRef = 3BEBD9921EE6D2B6000D4AAF /* ImageDownloader.swift */; };
		3BEBD9991EE6F39A000D4AAF /* DEV.xcconfig in Resources */ = {isa = PBXBuildFile; fileRef = 3BEBD9981EE6F39A000D4AAF /* DEV.xcconfig */; };
		3BEBD99B1EE6F3AA000D4AAF /* QA.xcconfig in Resources */ = {isa = PBXBuildFile; fileRef = 3BEBD99A1EE6F3A5000D4AAF /* QA.xcconfig */; };
		3BEBD99D1EE6F3C2000D4AAF /* PRD.xcconfig in Resources */ = {isa = PBXBuildFile; fileRef = 3BEBD99C1EE6F3C2000D4AAF /* PRD.xcconfig */; };
		574F13695712C70F3CBA9970 /* Pods_LearnwiseTests.framework in Frameworks */ = {isa = PBXBuildFile; fileRef = 74FC410A88CF246174B6DF2C /* Pods_LearnwiseTests.framework */; };
		C892B29DAD61713EF960AE5C /* Pods_Learnwise.framework in Frameworks */ = {isa = PBXBuildFile; fileRef = 71D02DB32BEF372899B26AF2 /* Pods_Learnwise.framework */; };
		E82110BA1EE6C2DF00ACBE04 /* DependenciesManager.swift in Sources */ = {isa = PBXBuildFile; fileRef = E82110B91EE6C2DF00ACBE04 /* DependenciesManager.swift */; };
		E82110BD1EE6C55400ACBE04 /* Constants.swift in Sources */ = {isa = PBXBuildFile; fileRef = E82110BC1EE6C55400ACBE04 /* Constants.swift */; };
		E82110C21EE6E0A800ACBE04 /* AnalyticsManager.swift in Sources */ = {isa = PBXBuildFile; fileRef = E82110C11EE6E0A800ACBE04 /* AnalyticsManager.swift */; };
		FDBA933D1EE6CA0200CCEB26 /* NetworkManager.swift in Sources */ = {isa = PBXBuildFile; fileRef = FDBA933C1EE6CA0200CCEB26 /* NetworkManager.swift */; };
		FDF6589E1EE6D711008BA6B8 /* NetworkManagerProtocol.swift in Sources */ = {isa = PBXBuildFile; fileRef = FDF6589D1EE6D711008BA6B8 /* NetworkManagerProtocol.swift */; };
/* End PBXBuildFile section */

/* Begin PBXContainerItemProxy section */
		3B1025B91EE6800300E6E82E /* PBXContainerItemProxy */ = {
			isa = PBXContainerItemProxy;
			containerPortal = 3B10259C1EE6800300E6E82E /* Project object */;
			proxyType = 1;
			remoteGlobalIDString = 3B1025A31EE6800300E6E82E;
			remoteInfo = Learnwise;
		};
/* End PBXContainerItemProxy section */

/* Begin PBXFileReference section */
		0EF85C1A9B1F5CCF515422B9 /* Pods-LearnwiseTests.qa.xcconfig */ = {isa = PBXFileReference; includeInIndex = 1; lastKnownFileType = text.xcconfig; name = "Pods-LearnwiseTests.qa.xcconfig"; path = "Pods/Target Support Files/Pods-LearnwiseTests/Pods-LearnwiseTests.qa.xcconfig"; sourceTree = "<group>"; };
		3B1025A41EE6800300E6E82E /* Learnwise.app */ = {isa = PBXFileReference; explicitFileType = wrapper.application; includeInIndex = 0; path = Learnwise.app; sourceTree = BUILT_PRODUCTS_DIR; };
		3B1025A71EE6800300E6E82E /* AppDelegate.swift */ = {isa = PBXFileReference; lastKnownFileType = sourcecode.swift; path = AppDelegate.swift; sourceTree = "<group>"; };
		3B1025A91EE6800300E6E82E /* ViewController.swift */ = {isa = PBXFileReference; lastKnownFileType = sourcecode.swift; path = ViewController.swift; sourceTree = "<group>"; };
		3B1025AC1EE6800300E6E82E /* Base */ = {isa = PBXFileReference; lastKnownFileType = file.storyboard; name = Base; path = Base.lproj/Main.storyboard; sourceTree = "<group>"; };
		3B1025AE1EE6800300E6E82E /* Assets.xcassets */ = {isa = PBXFileReference; lastKnownFileType = folder.assetcatalog; path = Assets.xcassets; sourceTree = "<group>"; };
		3B1025B11EE6800300E6E82E /* Base */ = {isa = PBXFileReference; lastKnownFileType = file.storyboard; name = Base; path = Base.lproj/LaunchScreen.storyboard; sourceTree = "<group>"; };
		3B1025B31EE6800300E6E82E /* Info.plist */ = {isa = PBXFileReference; lastKnownFileType = text.plist.xml; path = Info.plist; sourceTree = "<group>"; };
		3B1025B81EE6800300E6E82E /* LearnwiseTests.xctest */ = {isa = PBXFileReference; explicitFileType = wrapper.cfbundle; includeInIndex = 0; path = LearnwiseTests.xctest; sourceTree = BUILT_PRODUCTS_DIR; };
		3B1025BC1EE6800300E6E82E /* LearnwiseTests.swift */ = {isa = PBXFileReference; lastKnownFileType = sourcecode.swift; path = LearnwiseTests.swift; sourceTree = "<group>"; };
		3B1025BE1EE6800300E6E82E /* Info.plist */ = {isa = PBXFileReference; lastKnownFileType = text.plist.xml; path = Info.plist; sourceTree = "<group>"; };
		3B4976A41EE982AF00F8DE89 /* ViewControllerTests.swift */ = {isa = PBXFileReference; fileEncoding = 4; lastKnownFileType = sourcecode.swift; path = ViewControllerTests.swift; sourceTree = "<group>"; };
		3B4976A61EE983A000F8DE89 /* AnalyticsManagerTests.swift */ = {isa = PBXFileReference; fileEncoding = 4; lastKnownFileType = sourcecode.swift; path = AnalyticsManagerTests.swift; sourceTree = "<group>"; };
		3BEBD9901EE6BE83000D4AAF /* Logger.swift */ = {isa = PBXFileReference; fileEncoding = 4; lastKnownFileType = sourcecode.swift; path = Logger.swift; sourceTree = "<group>"; };
		3BEBD9921EE6D2B6000D4AAF /* ImageDownloader.swift */ = {isa = PBXFileReference; fileEncoding = 4; lastKnownFileType = sourcecode.swift; path = ImageDownloader.swift; sourceTree = "<group>"; };
		3BEBD9981EE6F39A000D4AAF /* DEV.xcconfig */ = {isa = PBXFileReference; fileEncoding = 4; lastKnownFileType = text.xcconfig; path = DEV.xcconfig; sourceTree = "<group>"; };
		3BEBD99A1EE6F3A5000D4AAF /* QA.xcconfig */ = {isa = PBXFileReference; lastKnownFileType = text.xcconfig; path = QA.xcconfig; sourceTree = "<group>"; };
		3BEBD99C1EE6F3C2000D4AAF /* PRD.xcconfig */ = {isa = PBXFileReference; fileEncoding = 4; lastKnownFileType = text.xcconfig; path = PRD.xcconfig; sourceTree = "<group>"; };
		3DAD67B34442A136E64E7E8E /* Pods-LearnwiseTests.dev.xcconfig */ = {isa = PBXFileReference; includeInIndex = 1; lastKnownFileType = text.xcconfig; name = "Pods-LearnwiseTests.dev.xcconfig"; path = "Pods/Target Support Files/Pods-LearnwiseTests/Pods-LearnwiseTests.dev.xcconfig"; sourceTree = "<group>"; };
		55418F2EC69662FE4F219E70 /* Pods-Learnwise.qa.xcconfig */ = {isa = PBXFileReference; includeInIndex = 1; lastKnownFileType = text.xcconfig; name = "Pods-Learnwise.qa.xcconfig"; path = "Pods/Target Support Files/Pods-Learnwise/Pods-Learnwise.qa.xcconfig"; sourceTree = "<group>"; };
		71D02DB32BEF372899B26AF2 /* Pods_Learnwise.framework */ = {isa = PBXFileReference; explicitFileType = wrapper.framework; includeInIndex = 0; path = Pods_Learnwise.framework; sourceTree = BUILT_PRODUCTS_DIR; };
		74FC410A88CF246174B6DF2C /* Pods_LearnwiseTests.framework */ = {isa = PBXFileReference; explicitFileType = wrapper.framework; includeInIndex = 0; path = Pods_LearnwiseTests.framework; sourceTree = BUILT_PRODUCTS_DIR; };
		A54A44577A4AF6CB475F9DB4 /* Pods-Learnwise.dev.xcconfig */ = {isa = PBXFileReference; includeInIndex = 1; lastKnownFileType = text.xcconfig; name = "Pods-Learnwise.dev.xcconfig"; path = "Pods/Target Support Files/Pods-Learnwise/Pods-Learnwise.dev.xcconfig"; sourceTree = "<group>"; };
		DD0D5B2AFA971063CA119398 /* Pods-LearnwiseTests.prd.xcconfig */ = {isa = PBXFileReference; includeInIndex = 1; lastKnownFileType = text.xcconfig; name = "Pods-LearnwiseTests.prd.xcconfig"; path = "Pods/Target Support Files/Pods-LearnwiseTests/Pods-LearnwiseTests.prd.xcconfig"; sourceTree = "<group>"; };
		E4B02FBC4F434C0D1ABA91C7 /* Pods-Learnwise.prd.xcconfig */ = {isa = PBXFileReference; includeInIndex = 1; lastKnownFileType = text.xcconfig; name = "Pods-Learnwise.prd.xcconfig"; path = "Pods/Target Support Files/Pods-Learnwise/Pods-Learnwise.prd.xcconfig"; sourceTree = "<group>"; };
		E82110B91EE6C2DF00ACBE04 /* DependenciesManager.swift */ = {isa = PBXFileReference; fileEncoding = 4; lastKnownFileType = sourcecode.swift; path = DependenciesManager.swift; sourceTree = "<group>"; };
		E82110BC1EE6C55400ACBE04 /* Constants.swift */ = {isa = PBXFileReference; fileEncoding = 4; lastKnownFileType = sourcecode.swift; path = Constants.swift; sourceTree = "<group>"; };
		E82110C11EE6E0A800ACBE04 /* AnalyticsManager.swift */ = {isa = PBXFileReference; fileEncoding = 4; lastKnownFileType = sourcecode.swift; path = AnalyticsManager.swift; sourceTree = "<group>"; };
		FDBA933C1EE6CA0200CCEB26 /* NetworkManager.swift */ = {isa = PBXFileReference; fileEncoding = 4; lastKnownFileType = sourcecode.swift; path = NetworkManager.swift; sourceTree = "<group>"; };
		FDF6589D1EE6D711008BA6B8 /* NetworkManagerProtocol.swift */ = {isa = PBXFileReference; fileEncoding = 4; lastKnownFileType = sourcecode.swift; path = NetworkManagerProtocol.swift; sourceTree = "<group>"; };
/* End PBXFileReference section */

/* Begin PBXFrameworksBuildPhase section */
		3B1025A11EE6800300E6E82E /* Frameworks */ = {
			isa = PBXFrameworksBuildPhase;
			buildActionMask = 2147483647;
			files = (
				C892B29DAD61713EF960AE5C /* Pods_Learnwise.framework in Frameworks */,
			);
			runOnlyForDeploymentPostprocessing = 0;
		};
		3B1025B51EE6800300E6E82E /* Frameworks */ = {
			isa = PBXFrameworksBuildPhase;
			buildActionMask = 2147483647;
			files = (
				574F13695712C70F3CBA9970 /* Pods_LearnwiseTests.framework in Frameworks */,
			);
			runOnlyForDeploymentPostprocessing = 0;
		};
/* End PBXFrameworksBuildPhase section */

/* Begin PBXGroup section */
		3B10259B1EE6800300E6E82E = {
			isa = PBXGroup;
			children = (
				3BEBD9971EE6F326000D4AAF /* EnvironmentConfig */,
				3B1025A61EE6800300E6E82E /* Learnwise */,
				3B1025BB1EE6800300E6E82E /* LearnwiseTests */,
				3B1025A51EE6800300E6E82E /* Products */,
				C6FA9F6A9A2A39AE66911BAF /* Pods */,
				873FE56D58AD7F5F38C30048 /* Frameworks */,
			);
			sourceTree = "<group>";
		};
		3B1025A51EE6800300E6E82E /* Products */ = {
			isa = PBXGroup;
			children = (
				3B1025A41EE6800300E6E82E /* Learnwise.app */,
				3B1025B81EE6800300E6E82E /* LearnwiseTests.xctest */,
			);
			name = Products;
			sourceTree = "<group>";
		};
		3B1025A61EE6800300E6E82E /* Learnwise */ = {
			isa = PBXGroup;
			children = (
				E82110BB1EE6C53900ACBE04 /* Helpers */,
				3B1025A71EE6800300E6E82E /* AppDelegate.swift */,
				3B1025AE1EE6800300E6E82E /* Assets.xcassets */,
				3B1025B31EE6800300E6E82E /* Info.plist */,
				3B1025B01EE6800300E6E82E /* LaunchScreen.storyboard */,
				3B1025AB1EE6800300E6E82E /* Main.storyboard */,
				3B1025A91EE6800300E6E82E /* ViewController.swift */,
			);
			path = Learnwise;
			sourceTree = "<group>";
		};
		3B1025BB1EE6800300E6E82E /* LearnwiseTests */ = {
			isa = PBXGroup;
			children = (
				3B1025BE1EE6800300E6E82E /* Info.plist */,
				3B1025BC1EE6800300E6E82E /* LearnwiseTests.swift */,
				3B4976A41EE982AF00F8DE89 /* ViewControllerTests.swift */,
				3B4976A61EE983A000F8DE89 /* AnalyticsManagerTests.swift */,
			);
			path = LearnwiseTests;
			sourceTree = "<group>";
		};
		3BEBD9971EE6F326000D4AAF /* EnvironmentConfig */ = {
			isa = PBXGroup;
			children = (
				3BEBD9981EE6F39A000D4AAF /* DEV.xcconfig */,
				3BEBD99C1EE6F3C2000D4AAF /* PRD.xcconfig */,
				3BEBD99A1EE6F3A5000D4AAF /* QA.xcconfig */,
			);
			path = EnvironmentConfig;
			sourceTree = "<group>";
		};
		873FE56D58AD7F5F38C30048 /* Frameworks */ = {
			isa = PBXGroup;
			children = (
				71D02DB32BEF372899B26AF2 /* Pods_Learnwise.framework */,
				74FC410A88CF246174B6DF2C /* Pods_LearnwiseTests.framework */,
			);
			name = Frameworks;
			sourceTree = "<group>";
		};
		C6FA9F6A9A2A39AE66911BAF /* Pods */ = {
			isa = PBXGroup;
			children = (
				E4B02FBC4F434C0D1ABA91C7 /* Pods-Learnwise.prd.xcconfig */,
				55418F2EC69662FE4F219E70 /* Pods-Learnwise.qa.xcconfig */,
				A54A44577A4AF6CB475F9DB4 /* Pods-Learnwise.dev.xcconfig */,
				DD0D5B2AFA971063CA119398 /* Pods-LearnwiseTests.prd.xcconfig */,
				0EF85C1A9B1F5CCF515422B9 /* Pods-LearnwiseTests.qa.xcconfig */,
				3DAD67B34442A136E64E7E8E /* Pods-LearnwiseTests.dev.xcconfig */,
			);
			name = Pods;
			sourceTree = "<group>";
		};
		E82110BB1EE6C53900ACBE04 /* Helpers */ = {
			isa = PBXGroup;
			children = (
				FDF6589F1EE6EA40008BA6B8 /* Protocols */,
				E82110C11EE6E0A800ACBE04 /* AnalyticsManager.swift */,
				E82110BC1EE6C55400ACBE04 /* Constants.swift */,
				E82110B91EE6C2DF00ACBE04 /* DependenciesManager.swift */,
				3BEBD9921EE6D2B6000D4AAF /* ImageDownloader.swift */,
				3BEBD9901EE6BE83000D4AAF /* Logger.swift */,
				FDBA933C1EE6CA0200CCEB26 /* NetworkManager.swift */,
			);
			path = Helpers;
			sourceTree = "<group>";
		};
		FDF6589F1EE6EA40008BA6B8 /* Protocols */ = {
			isa = PBXGroup;
			children = (
				FDF6589D1EE6D711008BA6B8 /* NetworkManagerProtocol.swift */,
			);
			path = Protocols;
			sourceTree = "<group>";
		};
/* End PBXGroup section */

/* Begin PBXNativeTarget section */
		3B1025A31EE6800300E6E82E /* Learnwise */ = {
			isa = PBXNativeTarget;
			buildConfigurationList = 3B1025C11EE6800300E6E82E /* Build configuration list for PBXNativeTarget "Learnwise" */;
			buildPhases = (
				92481BB4A00844B4B99133EF /* [CP] Check Pods Manifest.lock */,
				3B1025A01EE6800300E6E82E /* Sources */,
				3B1025A11EE6800300E6E82E /* Frameworks */,
				3B1025A21EE6800300E6E82E /* Resources */,
				3B1025C71EE68F3200E6E82E /* ShellScript */,
				3BCF3E2C1EE81539005EBF57 /* ShellScript */,
				95FB206F739CB30952E67E64 /* [CP] Embed Pods Frameworks */,
				6DAF559CE2889F0AD44EE84E /* [CP] Copy Pods Resources */,
			);
			buildRules = (
			);
			dependencies = (
			);
			name = Learnwise;
			productName = Learnwise;
			productReference = 3B1025A41EE6800300E6E82E /* Learnwise.app */;
			productType = "com.apple.product-type.application";
		};
		3B1025B71EE6800300E6E82E /* LearnwiseTests */ = {
			isa = PBXNativeTarget;
			buildConfigurationList = 3B1025C41EE6800300E6E82E /* Build configuration list for PBXNativeTarget "LearnwiseTests" */;
			buildPhases = (
				48176FAC1451F1FDA8994B6A /* [CP] Check Pods Manifest.lock */,
				3B1025B41EE6800300E6E82E /* Sources */,
				3B1025B51EE6800300E6E82E /* Frameworks */,
				3B1025B61EE6800300E6E82E /* Resources */,
				9B8940E995C836D1029442E4 /* [CP] Embed Pods Frameworks */,
				F01D8A67B1A31CC802430603 /* [CP] Copy Pods Resources */,
			);
			buildRules = (
			);
			dependencies = (
				3B1025BA1EE6800300E6E82E /* PBXTargetDependency */,
			);
			name = LearnwiseTests;
			productName = LearnwiseTests;
			productReference = 3B1025B81EE6800300E6E82E /* LearnwiseTests.xctest */;
			productType = "com.apple.product-type.bundle.unit-test";
		};
/* End PBXNativeTarget section */

/* Begin PBXProject section */
		3B10259C1EE6800300E6E82E /* Project object */ = {
			isa = PBXProject;
			attributes = {
				LastSwiftUpdateCheck = 0820;
				LastUpgradeCheck = 0820;
				ORGANIZATIONNAME = nineleaps;
				TargetAttributes = {
					3B1025A31EE6800300E6E82E = {
						CreatedOnToolsVersion = 8.2.1;
						DevelopmentTeam = 4UWCG95258;
						ProvisioningStyle = Manual;
					};
					3B1025B71EE6800300E6E82E = {
						CreatedOnToolsVersion = 8.2.1;
						DevelopmentTeam = 4UWCG95258;
						ProvisioningStyle = Automatic;
						TestTargetID = 3B1025A31EE6800300E6E82E;
					};
				};
			};
			buildConfigurationList = 3B10259F1EE6800300E6E82E /* Build configuration list for PBXProject "Learnwise" */;
			compatibilityVersion = "Xcode 3.2";
			developmentRegion = English;
			hasScannedForEncodings = 0;
			knownRegions = (
				en,
				Base,
			);
			mainGroup = 3B10259B1EE6800300E6E82E;
			productRefGroup = 3B1025A51EE6800300E6E82E /* Products */;
			projectDirPath = "";
			projectRoot = "";
			targets = (
				3B1025A31EE6800300E6E82E /* Learnwise */,
				3B1025B71EE6800300E6E82E /* LearnwiseTests */,
			);
		};
/* End PBXProject section */

/* Begin PBXResourcesBuildPhase section */
		3B1025A21EE6800300E6E82E /* Resources */ = {
			isa = PBXResourcesBuildPhase;
			buildActionMask = 2147483647;
			files = (
				3BEBD99B1EE6F3AA000D4AAF /* QA.xcconfig in Resources */,
				3B1025B21EE6800300E6E82E /* LaunchScreen.storyboard in Resources */,
				3B1025AF1EE6800300E6E82E /* Assets.xcassets in Resources */,
				3BEBD99D1EE6F3C2000D4AAF /* PRD.xcconfig in Resources */,
				3BEBD9991EE6F39A000D4AAF /* DEV.xcconfig in Resources */,
				3B1025AD1EE6800300E6E82E /* Main.storyboard in Resources */,
			);
			runOnlyForDeploymentPostprocessing = 0;
		};
		3B1025B61EE6800300E6E82E /* Resources */ = {
			isa = PBXResourcesBuildPhase;
			buildActionMask = 2147483647;
			files = (
			);
			runOnlyForDeploymentPostprocessing = 0;
		};
/* End PBXResourcesBuildPhase section */

/* Begin PBXShellScriptBuildPhase section */
		3B1025C71EE68F3200E6E82E /* ShellScript */ = {
			isa = PBXShellScriptBuildPhase;
			buildActionMask = 2147483647;
			files = (
			);
			inputPaths = (
			);
			outputPaths = (
			);
			runOnlyForDeploymentPostprocessing = 0;
			shellPath = /bin/sh;
			shellScript = "if which swiftlint >/dev/null; then\nswiftlint\nelse\necho \"warning: SwiftLint not installed, download from https://github.com/realm/SwiftLint\"\nfi";
		};
		3BCF3E2C1EE81539005EBF57 /* ShellScript */ = {
			isa = PBXShellScriptBuildPhase;
			buildActionMask = 2147483647;
			files = (
			);
			inputPaths = (
			);
			outputPaths = (
			);
			runOnlyForDeploymentPostprocessing = 0;
			shellPath = /bin/sh;
			shellScript = "if [ \"${CONFIGURATION}\" != \"DEV\" ]; then\necho \"Building Fabric\"\n\"${PODS_ROOT}/Fabric/run\" ${CRASHLYTICS_API_KEY} ${CRASHLYTICS_BUILD_SECRET}\nfi";
		};
		48176FAC1451F1FDA8994B6A /* [CP] Check Pods Manifest.lock */ = {
			isa = PBXShellScriptBuildPhase;
			buildActionMask = 2147483647;
			files = (
			);
			inputPaths = (
			);
			name = "[CP] Check Pods Manifest.lock";
			outputPaths = (
			);
			runOnlyForDeploymentPostprocessing = 0;
			shellPath = /bin/sh;
			shellScript = "diff \"${PODS_ROOT}/../Podfile.lock\" \"${PODS_ROOT}/Manifest.lock\" > /dev/null\nif [ $? != 0 ] ; then\n    # print error to STDERR\n    echo \"error: The sandbox is not in sync with the Podfile.lock. Run 'pod install' or update your CocoaPods installation.\" >&2\n    exit 1\nfi\n";
			showEnvVarsInLog = 0;
		};
		6DAF559CE2889F0AD44EE84E /* [CP] Copy Pods Resources */ = {
			isa = PBXShellScriptBuildPhase;
			buildActionMask = 2147483647;
			files = (
			);
			inputPaths = (
			);
			name = "[CP] Copy Pods Resources";
			outputPaths = (
			);
			runOnlyForDeploymentPostprocessing = 0;
			shellPath = /bin/sh;
			shellScript = "\"${SRCROOT}/Pods/Target Support Files/Pods-Learnwise/Pods-Learnwise-resources.sh\"\n";
			showEnvVarsInLog = 0;
		};
		92481BB4A00844B4B99133EF /* [CP] Check Pods Manifest.lock */ = {
			isa = PBXShellScriptBuildPhase;
			buildActionMask = 2147483647;
			files = (
			);
			inputPaths = (
			);
			name = "[CP] Check Pods Manifest.lock";
			outputPaths = (
			);
			runOnlyForDeploymentPostprocessing = 0;
			shellPath = /bin/sh;
			shellScript = "diff \"${PODS_ROOT}/../Podfile.lock\" \"${PODS_ROOT}/Manifest.lock\" > /dev/null\nif [ $? != 0 ] ; then\n    # print error to STDERR\n    echo \"error: The sandbox is not in sync with the Podfile.lock. Run 'pod install' or update your CocoaPods installation.\" >&2\n    exit 1\nfi\n";
			showEnvVarsInLog = 0;
		};
		95FB206F739CB30952E67E64 /* [CP] Embed Pods Frameworks */ = {
			isa = PBXShellScriptBuildPhase;
			buildActionMask = 2147483647;
			files = (
			);
			inputPaths = (
			);
			name = "[CP] Embed Pods Frameworks";
			outputPaths = (
			);
			runOnlyForDeploymentPostprocessing = 0;
			shellPath = /bin/sh;
			shellScript = "\"${SRCROOT}/Pods/Target Support Files/Pods-Learnwise/Pods-Learnwise-frameworks.sh\"\n";
			showEnvVarsInLog = 0;
		};
		9B8940E995C836D1029442E4 /* [CP] Embed Pods Frameworks */ = {
			isa = PBXShellScriptBuildPhase;
			buildActionMask = 2147483647;
			files = (
			);
			inputPaths = (
			);
			name = "[CP] Embed Pods Frameworks";
			outputPaths = (
			);
			runOnlyForDeploymentPostprocessing = 0;
			shellPath = /bin/sh;
			shellScript = "\"${SRCROOT}/Pods/Target Support Files/Pods-LearnwiseTests/Pods-LearnwiseTests-frameworks.sh\"\n";
			showEnvVarsInLog = 0;
		};
		F01D8A67B1A31CC802430603 /* [CP] Copy Pods Resources */ = {
			isa = PBXShellScriptBuildPhase;
			buildActionMask = 2147483647;
			files = (
			);
			inputPaths = (
			);
			name = "[CP] Copy Pods Resources";
			outputPaths = (
			);
			runOnlyForDeploymentPostprocessing = 0;
			shellPath = /bin/sh;
			shellScript = "\"${SRCROOT}/Pods/Target Support Files/Pods-LearnwiseTests/Pods-LearnwiseTests-resources.sh\"\n";
			showEnvVarsInLog = 0;
		};
/* End PBXShellScriptBuildPhase section */

/* Begin PBXSourcesBuildPhase section */
		3B1025A01EE6800300E6E82E /* Sources */ = {
			isa = PBXSourcesBuildPhase;
			buildActionMask = 2147483647;
			files = (
				E82110C21EE6E0A800ACBE04 /* AnalyticsManager.swift in Sources */,
				E82110BA1EE6C2DF00ACBE04 /* DependenciesManager.swift in Sources */,
				3B1025AA1EE6800300E6E82E /* ViewController.swift in Sources */,
				FDF6589E1EE6D711008BA6B8 /* NetworkManagerProtocol.swift in Sources */,
				FDBA933D1EE6CA0200CCEB26 /* NetworkManager.swift in Sources */,
				3BEBD9931EE6D2B6000D4AAF /* ImageDownloader.swift in Sources */,
				3B1025A81EE6800300E6E82E /* AppDelegate.swift in Sources */,
				3BEBD9911EE6BE83000D4AAF /* Logger.swift in Sources */,
				E82110BD1EE6C55400ACBE04 /* Constants.swift in Sources */,
			);
			runOnlyForDeploymentPostprocessing = 0;
		};
		3B1025B41EE6800300E6E82E /* Sources */ = {
			isa = PBXSourcesBuildPhase;
			buildActionMask = 2147483647;
			files = (
				3B4976A51EE982AF00F8DE89 /* ViewControllerTests.swift in Sources */,
				3B4976A71EE983A000F8DE89 /* AnalyticsManagerTests.swift in Sources */,
				3B1025BD1EE6800300E6E82E /* LearnwiseTests.swift in Sources */,
			);
			runOnlyForDeploymentPostprocessing = 0;
		};
/* End PBXSourcesBuildPhase section */

/* Begin PBXTargetDependency section */
		3B1025BA1EE6800300E6E82E /* PBXTargetDependency */ = {
			isa = PBXTargetDependency;
			target = 3B1025A31EE6800300E6E82E /* Learnwise */;
			targetProxy = 3B1025B91EE6800300E6E82E /* PBXContainerItemProxy */;
		};
/* End PBXTargetDependency section */

/* Begin PBXVariantGroup section */
		3B1025AB1EE6800300E6E82E /* Main.storyboard */ = {
			isa = PBXVariantGroup;
			children = (
				3B1025AC1EE6800300E6E82E /* Base */,
			);
			name = Main.storyboard;
			path = .;
			sourceTree = "<group>";
		};
		3B1025B01EE6800300E6E82E /* LaunchScreen.storyboard */ = {
			isa = PBXVariantGroup;
			children = (
				3B1025B11EE6800300E6E82E /* Base */,
			);
			name = LaunchScreen.storyboard;
			path = .;
			sourceTree = "<group>";
		};
/* End PBXVariantGroup section */

/* Begin XCBuildConfiguration section */
		3BEBD99E1EE6F495000D4AAF /* DEV */ = {
			isa = XCBuildConfiguration;
			baseConfigurationReference = 3BEBD9981EE6F39A000D4AAF /* DEV.xcconfig */;
			buildSettings = {
				ALWAYS_SEARCH_USER_PATHS = NO;
				CLANG_ANALYZER_NONNULL = YES;
				CLANG_CXX_LANGUAGE_STANDARD = "gnu++0x";
				CLANG_CXX_LIBRARY = "libc++";
				CLANG_ENABLE_MODULES = YES;
				CLANG_ENABLE_OBJC_ARC = YES;
				CLANG_WARN_BOOL_CONVERSION = YES;
				CLANG_WARN_CONSTANT_CONVERSION = YES;
				CLANG_WARN_DIRECT_OBJC_ISA_USAGE = YES_ERROR;
				CLANG_WARN_DOCUMENTATION_COMMENTS = YES;
				CLANG_WARN_EMPTY_BODY = YES;
				CLANG_WARN_ENUM_CONVERSION = YES;
				CLANG_WARN_INFINITE_RECURSION = YES;
				CLANG_WARN_INT_CONVERSION = YES;
				CLANG_WARN_OBJC_ROOT_CLASS = YES_ERROR;
				CLANG_WARN_SUSPICIOUS_MOVE = YES;
				CLANG_WARN_UNREACHABLE_CODE = YES;
				CLANG_WARN__DUPLICATE_METHOD_MATCH = YES;
				"CODE_SIGN_IDENTITY[sdk=iphoneos*]" = "iPhone Developer";
				COPY_PHASE_STRIP = NO;
				DEBUG_INFORMATION_FORMAT = "dwarf-with-dsym";
				ENABLE_NS_ASSERTIONS = NO;
				ENABLE_STRICT_OBJC_MSGSEND = YES;
				ENABLE_TESTABILITY = YES;
				GCC_C_LANGUAGE_STANDARD = gnu99;
				GCC_NO_COMMON_BLOCKS = YES;
				GCC_WARN_64_TO_32_BIT_CONVERSION = YES;
				GCC_WARN_ABOUT_RETURN_TYPE = YES_ERROR;
				GCC_WARN_UNDECLARED_SELECTOR = YES;
				GCC_WARN_UNINITIALIZED_AUTOS = YES_AGGRESSIVE;
				GCC_WARN_UNUSED_FUNCTION = YES;
				GCC_WARN_UNUSED_VARIABLE = YES;
				IPHONEOS_DEPLOYMENT_TARGET = 9.0;
				MTL_ENABLE_DEBUG_INFO = NO;
				SDKROOT = iphoneos;
				SWIFT_OPTIMIZATION_LEVEL = "-Owholemodule";
				VALIDATE_PRODUCT = YES;
			};
			name = DEV;
		};
		3BEBD99F1EE6F495000D4AAF /* DEV */ = {
			isa = XCBuildConfiguration;
			baseConfigurationReference = A54A44577A4AF6CB475F9DB4 /* Pods-Learnwise.dev.xcconfig */;
			buildSettings = {
				ALWAYS_EMBED_SWIFT_STANDARD_LIBRARIES = "$(inherited)";
				ASSETCATALOG_COMPILER_APPICON_NAME = AppIcon;
				"CODE_SIGN_IDENTITY[sdk=iphoneos*]" = "iPhone Developer";
				CURRENT_PROJECT_VERSION = 1.0;
				DEVELOPMENT_TEAM = 4UWCG95258;
				ENABLE_TESTABILITY = YES;
				INFOPLIST_FILE = Learnwise/Info.plist;
				IPHONEOS_DEPLOYMENT_TARGET = 9.0;
				LD_RUNPATH_SEARCH_PATHS = "$(inherited) @executable_path/Frameworks";
				ONLY_ACTIVE_ARCH = YES;
				PRODUCT_BUNDLE_IDENTIFIER = com.nineleaps.Learnwise;
				PRODUCT_NAME = "$(TARGET_NAME)";
				PROVISIONING_PROFILE = "ed7b7286-f5c8-4434-b557-10f6ce9f2685";
				PROVISIONING_PROFILE_SPECIFIER = "Learnwise Development Certificate";
				SWIFT_VERSION = 3.0;
				VERSIONING_SYSTEM = "apple-generic";
			};
			name = DEV;
		};
		3BEBD9A01EE6F495000D4AAF /* DEV */ = {
			isa = XCBuildConfiguration;
			baseConfigurationReference = 3DAD67B34442A136E64E7E8E /* Pods-LearnwiseTests.dev.xcconfig */;
			buildSettings = {
				ALWAYS_EMBED_SWIFT_STANDARD_LIBRARIES = YES;
				BUNDLE_LOADER = "$(TEST_HOST)";
				DEVELOPMENT_TEAM = 4UWCG95258;
				ENABLE_TESTABILITY = YES;
				INFOPLIST_FILE = LearnwiseTests/Info.plist;
				LD_RUNPATH_SEARCH_PATHS = "$(inherited) @executable_path/Frameworks @loader_path/Frameworks";
				PRODUCT_BUNDLE_IDENTIFIER = com.nineleaps.LearnwiseTests;
				PRODUCT_NAME = "$(TARGET_NAME)";
				SWIFT_VERSION = 3.0;
				TEST_HOST = "$(BUILT_PRODUCTS_DIR)/Learnwise.app/Learnwise";
			};
			name = DEV;
		};
		3BEBD9A11EE6F4B1000D4AAF /* QA */ = {
			isa = XCBuildConfiguration;
			baseConfigurationReference = 3BEBD99A1EE6F3A5000D4AAF /* QA.xcconfig */;
			buildSettings = {
				ALWAYS_SEARCH_USER_PATHS = NO;
				CLANG_ANALYZER_NONNULL = YES;
				CLANG_CXX_LANGUAGE_STANDARD = "gnu++0x";
				CLANG_CXX_LIBRARY = "libc++";
				CLANG_ENABLE_MODULES = YES;
				CLANG_ENABLE_OBJC_ARC = YES;
				CLANG_WARN_BOOL_CONVERSION = YES;
				CLANG_WARN_CONSTANT_CONVERSION = YES;
				CLANG_WARN_DIRECT_OBJC_ISA_USAGE = YES_ERROR;
				CLANG_WARN_DOCUMENTATION_COMMENTS = YES;
				CLANG_WARN_EMPTY_BODY = YES;
				CLANG_WARN_ENUM_CONVERSION = YES;
				CLANG_WARN_INFINITE_RECURSION = YES;
				CLANG_WARN_INT_CONVERSION = YES;
				CLANG_WARN_OBJC_ROOT_CLASS = YES_ERROR;
				CLANG_WARN_SUSPICIOUS_MOVE = YES;
				CLANG_WARN_UNREACHABLE_CODE = YES;
				CLANG_WARN__DUPLICATE_METHOD_MATCH = YES;
				"CODE_SIGN_IDENTITY[sdk=iphoneos*]" = "iPhone Developer";
				COPY_PHASE_STRIP = NO;
				DEBUG_INFORMATION_FORMAT = "dwarf-with-dsym";
				ENABLE_NS_ASSERTIONS = NO;
				ENABLE_STRICT_OBJC_MSGSEND = YES;
				ENABLE_TESTABILITY = YES;
				GCC_C_LANGUAGE_STANDARD = gnu99;
				GCC_NO_COMMON_BLOCKS = YES;
				GCC_WARN_64_TO_32_BIT_CONVERSION = YES;
				GCC_WARN_ABOUT_RETURN_TYPE = YES_ERROR;
				GCC_WARN_UNDECLARED_SELECTOR = YES;
				GCC_WARN_UNINITIALIZED_AUTOS = YES_AGGRESSIVE;
				GCC_WARN_UNUSED_FUNCTION = YES;
				GCC_WARN_UNUSED_VARIABLE = YES;
				IPHONEOS_DEPLOYMENT_TARGET = 9.0;
				MTL_ENABLE_DEBUG_INFO = NO;
				SDKROOT = iphoneos;
				SWIFT_OPTIMIZATION_LEVEL = "-Owholemodule";
				VALIDATE_PRODUCT = YES;
			};
			name = QA;
		};
		3BEBD9A21EE6F4B1000D4AAF /* QA */ = {
			isa = XCBuildConfiguration;
			baseConfigurationReference = 55418F2EC69662FE4F219E70 /* Pods-Learnwise.qa.xcconfig */;
			buildSettings = {
				ALWAYS_EMBED_SWIFT_STANDARD_LIBRARIES = "$(inherited)";
				ASSETCATALOG_COMPILER_APPICON_NAME = AppIcon;
				"CODE_SIGN_IDENTITY[sdk=iphoneos*]" = "iPhone Distribution";
				CURRENT_PROJECT_VERSION = 1.0;
				DEVELOPMENT_TEAM = 4UWCG95258;
				ENABLE_TESTABILITY = YES;
				INFOPLIST_FILE = Learnwise/Info.plist;
				IPHONEOS_DEPLOYMENT_TARGET = 9.0;
				LD_RUNPATH_SEARCH_PATHS = "$(inherited) @executable_path/Frameworks";
				ONLY_ACTIVE_ARCH = YES;
				PRODUCT_BUNDLE_IDENTIFIER = com.nineleaps.Learnwise;
				PRODUCT_NAME = "$(TARGET_NAME)";
				PROVISIONING_PROFILE = "ed7b7286-f5c8-4434-b557-10f6ce9f2685";
				PROVISIONING_PROFILE_SPECIFIER = "Learnwise Distribution Certificates";
				SWIFT_VERSION = 3.0;
				VERSIONING_SYSTEM = "apple-generic";
			};
			name = QA;
		};
		3BEBD9A31EE6F4B1000D4AAF /* QA */ = {
			isa = XCBuildConfiguration;
			baseConfigurationReference = 0EF85C1A9B1F5CCF515422B9 /* Pods-LearnwiseTests.qa.xcconfig */;
			buildSettings = {
				ALWAYS_EMBED_SWIFT_STANDARD_LIBRARIES = YES;
				BUNDLE_LOADER = "$(TEST_HOST)";
				DEVELOPMENT_TEAM = 4UWCG95258;
				ENABLE_TESTABILITY = YES;
				INFOPLIST_FILE = LearnwiseTests/Info.plist;
				LD_RUNPATH_SEARCH_PATHS = "$(inherited) @executable_path/Frameworks @loader_path/Frameworks";
				PRODUCT_BUNDLE_IDENTIFIER = com.nineleaps.LearnwiseTests;
				PRODUCT_NAME = "$(TARGET_NAME)";
				SWIFT_VERSION = 3.0;
				TEST_HOST = "$(BUILT_PRODUCTS_DIR)/Learnwise.app/Learnwise";
			};
			name = QA;
		};
		3BEBD9A41EE6F4BF000D4AAF /* PRD */ = {
			isa = XCBuildConfiguration;
			baseConfigurationReference = 3BEBD99C1EE6F3C2000D4AAF /* PRD.xcconfig */;
			buildSettings = {
				ALWAYS_SEARCH_USER_PATHS = NO;
				CLANG_ANALYZER_NONNULL = YES;
				CLANG_CXX_LANGUAGE_STANDARD = "gnu++0x";
				CLANG_CXX_LIBRARY = "libc++";
				CLANG_ENABLE_MODULES = YES;
				CLANG_ENABLE_OBJC_ARC = YES;
				CLANG_WARN_BOOL_CONVERSION = YES;
				CLANG_WARN_CONSTANT_CONVERSION = YES;
				CLANG_WARN_DIRECT_OBJC_ISA_USAGE = YES_ERROR;
				CLANG_WARN_DOCUMENTATION_COMMENTS = YES;
				CLANG_WARN_EMPTY_BODY = YES;
				CLANG_WARN_ENUM_CONVERSION = YES;
				CLANG_WARN_INFINITE_RECURSION = YES;
				CLANG_WARN_INT_CONVERSION = YES;
				CLANG_WARN_OBJC_ROOT_CLASS = YES_ERROR;
				CLANG_WARN_SUSPICIOUS_MOVE = YES;
				CLANG_WARN_UNREACHABLE_CODE = YES;
				CLANG_WARN__DUPLICATE_METHOD_MATCH = YES;
				"CODE_SIGN_IDENTITY[sdk=iphoneos*]" = "iPhone Developer";
				COPY_PHASE_STRIP = NO;
				DEBUG_INFORMATION_FORMAT = "dwarf-with-dsym";
				ENABLE_NS_ASSERTIONS = NO;
				ENABLE_STRICT_OBJC_MSGSEND = YES;
				ENABLE_TESTABILITY = YES;
				GCC_C_LANGUAGE_STANDARD = gnu99;
				GCC_NO_COMMON_BLOCKS = YES;
				GCC_WARN_64_TO_32_BIT_CONVERSION = YES;
				GCC_WARN_ABOUT_RETURN_TYPE = YES_ERROR;
				GCC_WARN_UNDECLARED_SELECTOR = YES;
				GCC_WARN_UNINITIALIZED_AUTOS = YES_AGGRESSIVE;
				GCC_WARN_UNUSED_FUNCTION = YES;
				GCC_WARN_UNUSED_VARIABLE = YES;
				IPHONEOS_DEPLOYMENT_TARGET = 9.0;
				MTL_ENABLE_DEBUG_INFO = NO;
				SDKROOT = iphoneos;
				SWIFT_OPTIMIZATION_LEVEL = "-Owholemodule";
				VALIDATE_PRODUCT = YES;
			};
			name = PRD;
		};
		3BEBD9A51EE6F4BF000D4AAF /* PRD */ = {
			isa = XCBuildConfiguration;
			baseConfigurationReference = E4B02FBC4F434C0D1ABA91C7 /* Pods-Learnwise.prd.xcconfig */;
			buildSettings = {
				ALWAYS_EMBED_SWIFT_STANDARD_LIBRARIES = "$(inherited)";
				ASSETCATALOG_COMPILER_APPICON_NAME = AppIcon;
				"CODE_SIGN_IDENTITY[sdk=iphoneos*]" = "iPhone Distribution";
				CURRENT_PROJECT_VERSION = 1.0;
				DEVELOPMENT_TEAM = 4UWCG95258;
				ENABLE_TESTABILITY = YES;
				INFOPLIST_FILE = Learnwise/Info.plist;
				IPHONEOS_DEPLOYMENT_TARGET = 9.0;
				LD_RUNPATH_SEARCH_PATHS = "$(inherited) @executable_path/Frameworks";
				ONLY_ACTIVE_ARCH = YES;
				PRODUCT_BUNDLE_IDENTIFIER = com.nineleaps.Learnwise;
				PRODUCT_NAME = "$(TARGET_NAME)";
				PROVISIONING_PROFILE = "ed7b7286-f5c8-4434-b557-10f6ce9f2685";
				PROVISIONING_PROFILE_SPECIFIER = "Learnwise Distribution Certificates";
				SWIFT_VERSION = 3.0;
				VERSIONING_SYSTEM = "apple-generic";
			};
			name = PRD;
		};
		3BEBD9A61EE6F4BF000D4AAF /* PRD */ = {
			isa = XCBuildConfiguration;
			baseConfigurationReference = DD0D5B2AFA971063CA119398 /* Pods-LearnwiseTests.prd.xcconfig */;
			buildSettings = {
				ALWAYS_EMBED_SWIFT_STANDARD_LIBRARIES = YES;
				BUNDLE_LOADER = "$(TEST_HOST)";
				DEVELOPMENT_TEAM = 4UWCG95258;
				ENABLE_TESTABILITY = YES;
				INFOPLIST_FILE = LearnwiseTests/Info.plist;
				LD_RUNPATH_SEARCH_PATHS = "$(inherited) @executable_path/Frameworks @loader_path/Frameworks";
				PRODUCT_BUNDLE_IDENTIFIER = com.nineleaps.LearnwiseTests;
				PRODUCT_NAME = "$(TARGET_NAME)";
				SWIFT_VERSION = 3.0;
				TEST_HOST = "$(BUILT_PRODUCTS_DIR)/Learnwise.app/Learnwise";
			};
			name = PRD;
		};
/* End XCBuildConfiguration section */

/* Begin XCConfigurationList section */
		3B10259F1EE6800300E6E82E /* Build configuration list for PBXProject "Learnwise" */ = {
			isa = XCConfigurationList;
			buildConfigurations = (
				3BEBD9A41EE6F4BF000D4AAF /* PRD */,
				3BEBD9A11EE6F4B1000D4AAF /* QA */,
				3BEBD99E1EE6F495000D4AAF /* DEV */,
			);
			defaultConfigurationIsVisible = 0;
			defaultConfigurationName = DEV;
		};
		3B1025C11EE6800300E6E82E /* Build configuration list for PBXNativeTarget "Learnwise" */ = {
			isa = XCConfigurationList;
			buildConfigurations = (
				3BEBD9A51EE6F4BF000D4AAF /* PRD */,
				3BEBD9A21EE6F4B1000D4AAF /* QA */,
				3BEBD99F1EE6F495000D4AAF /* DEV */,
			);
			defaultConfigurationIsVisible = 0;
			defaultConfigurationName = DEV;
		};
		3B1025C41EE6800300E6E82E /* Build configuration list for PBXNativeTarget "LearnwiseTests" */ = {
			isa = XCConfigurationList;
			buildConfigurations = (
				3BEBD9A61EE6F4BF000D4AAF /* PRD */,
				3BEBD9A31EE6F4B1000D4AAF /* QA */,
				3BEBD9A01EE6F495000D4AAF /* DEV */,
			);
			defaultConfigurationIsVisible = 0;
			defaultConfigurationName = DEV;
		};
/* End XCConfigurationList section */
	};
	rootObject = 3B10259C1EE6800300E6E82E /* Project object */;
}
